
Microsoft Visual Studio Solution File, Format Version 12.00
# Visual Studio Version 17
VisualStudioVersion = 17.7.34031.279
MinimumVisualStudioVersion = 10.0.40219.1
Project("{FAE04EC0-301F-11D3-BF4B-00C04F79EFBC}") = "Server", "Server\Server.csproj", "{A1990850-F6F3-48AB-9EA5-426C0B11EDF4}"
EndProject
Project("{FAE04EC0-301F-11D3-BF4B-00C04F79EFBC}") = "Client", "Client\Client.csproj", "{2CEA0A32-0A33-4B52-AB4C-0D9BE3C1FF3F}"
EndProject
Project("{FAE04EC0-301F-11D3-BF4B-00C04F79EFBC}") = "Utiles", "Utiles\Utiles.csproj", "{094BFFB6-EDB0-42A6-AFA3-D714F69FE3F2}"
EndProject
Global
	GlobalSection(SolutionConfigurationPlatforms) = preSolution
		Debug|Any CPU = Debug|Any CPU
		Release|Any CPU = Release|Any CPU
	EndGlobalSection
	GlobalSection(ProjectConfigurationPlatforms) = postSolution
		{A1990850-F6F3-48AB-9EA5-426C0B11EDF4}.Debug|Any CPU.ActiveCfg = Debug|Any CPU
		{A1990850-F6F3-48AB-9EA5-426C0B11EDF4}.Debug|Any CPU.Build.0 = Debug|Any CPU
		{A1990850-F6F3-48AB-9EA5-426C0B11EDF4}.Release|Any CPU.ActiveCfg = Release|Any CPU
		{A1990850-F6F3-48AB-9EA5-426C0B11EDF4}.Release|Any CPU.Build.0 = Release|Any CPU
		{2CEA0A32-0A33-4B52-AB4C-0D9BE3C1FF3F}.Debug|Any CPU.ActiveCfg = Debug|Any CPU
		{2CEA0A32-0A33-4B52-AB4C-0D9BE3C1FF3F}.Debug|Any CPU.Build.0 = Debug|Any CPU
		{2CEA0A32-0A33-4B52-AB4C-0D9BE3C1FF3F}.Release|Any CPU.ActiveCfg = Release|Any CPU
		{2CEA0A32-0A33-4B52-AB4C-0D9BE3C1FF3F}.Release|Any CPU.Build.0 = Release|Any CPU
		{094BFFB6-EDB0-42A6-AFA3-D714F69FE3F2}.Debug|Any CPU.ActiveCfg = Debug|Any CPU
		{094BFFB6-EDB0-42A6-AFA3-D714F69FE3F2}.Debug|Any CPU.Build.0 = Debug|Any CPU
		{094BFFB6-EDB0-42A6-AFA3-D714F69FE3F2}.Release|Any CPU.ActiveCfg = Release|Any CPU
		{094BFFB6-EDB0-42A6-AFA3-D714F69FE3F2}.Release|Any CPU.Build.0 = Release|Any CPU
	EndGlobalSection
	GlobalSection(SolutionProperties) = preSolution
		HideSolutionNode = FALSE
	EndGlobalSection
	GlobalSection(ExtensibilityGlobals) = postSolution
		SolutionGuid = {4AFA3059-2207-4B5F-B9DF-1CE40F349721}
	EndGlobalSection
EndGlobal
